// !$*UTF8*$!
{
	archiveVersion = 1;
	classes = {
	};
	objectVersion = 56;
	objects = {

/* Begin PBXBuildFile section */
		0914D2EE2C52793000515503 /* RMLocation.swift in Sources */ = {isa = PBXBuildFile; fileRef = 0914D2ED2C52793000515503 /* RMLocation.swift */; };
		0914D2F02C52793E00515503 /* RMCharacter.swift in Sources */ = {isa = PBXBuildFile; fileRef = 0914D2EF2C52793E00515503 /* RMCharacter.swift */; };
		0914D2F22C52796A00515503 /* RMEpisode.swift in Sources */ = {isa = PBXBuildFile; fileRef = 0914D2F12C52796A00515503 /* RMEpisode.swift */; };
		0914D2F52C527A9100515503 /* RMCharacterVC.swift in Sources */ = {isa = PBXBuildFile; fileRef = 0914D2F42C527A9100515503 /* RMCharacterVC.swift */; };
		0914D2F72C527AAF00515503 /* RMLocationVC.swift in Sources */ = {isa = PBXBuildFile; fileRef = 0914D2F62C527AAF00515503 /* RMLocationVC.swift */; };
		0914D2F92C527ABD00515503 /* RMEpisodeVC.swift in Sources */ = {isa = PBXBuildFile; fileRef = 0914D2F82C527ABD00515503 /* RMEpisodeVC.swift */; };
		0914D2FB2C527B8600515503 /* RMSettingsVC.swift in Sources */ = {isa = PBXBuildFile; fileRef = 0914D2FA2C527B8600515503 /* RMSettingsVC.swift */; };
		0920FA3F2CA97233004CC3D1 /* GetAllCharactersResponse.swift in Sources */ = {isa = PBXBuildFile; fileRef = 0920FA3E2CA97233004CC3D1 /* GetAllCharactersResponse.swift */; };
		0921679A2C5504FC000D38CE /* RMService.swift in Sources */ = {isa = PBXBuildFile; fileRef = 092167992C5504FC000D38CE /* RMService.swift */; };
		0921679C2C550516000D38CE /* RMRequest.swift in Sources */ = {isa = PBXBuildFile; fileRef = 0921679B2C550516000D38CE /* RMRequest.swift */; };
		0921679E2C550658000D38CE /* RMEndPoint.swift in Sources */ = {isa = PBXBuildFile; fileRef = 0921679D2C550658000D38CE /* RMEndPoint.swift */; };
		092167A02C551ABE000D38CE /* RMOrigin.swift in Sources */ = {isa = PBXBuildFile; fileRef = 0921679F2C551ABE000D38CE /* RMOrigin.swift */; };
		092167A22C551B6F000D38CE /* RMSingleLocation.swift in Sources */ = {isa = PBXBuildFile; fileRef = 092167A12C551B6F000D38CE /* RMSingleLocation.swift */; };
		092167A42C552017000D38CE /* RMCharacterStatus.swift in Sources */ = {isa = PBXBuildFile; fileRef = 092167A32C552017000D38CE /* RMCharacterStatus.swift */; };
		092167A62C55206D000D38CE /* RMCharacterGender.swift in Sources */ = {isa = PBXBuildFile; fileRef = 092167A52C55206D000D38CE /* RMCharacterGender.swift */; };
		09F2FEEA2C5273AB00D1CF64 /* AppDelegate.swift in Sources */ = {isa = PBXBuildFile; fileRef = 09F2FEE92C5273AB00D1CF64 /* AppDelegate.swift */; };
		09F2FEEC2C5273AB00D1CF64 /* SceneDelegate.swift in Sources */ = {isa = PBXBuildFile; fileRef = 09F2FEEB2C5273AB00D1CF64 /* SceneDelegate.swift */; };
		09F2FEEE2C5273AB00D1CF64 /* RMTabViewController.swift in Sources */ = {isa = PBXBuildFile; fileRef = 09F2FEED2C5273AB00D1CF64 /* RMTabViewController.swift */; };
		09F2FEF32C5273AC00D1CF64 /* Assets.xcassets in Resources */ = {isa = PBXBuildFile; fileRef = 09F2FEF22C5273AC00D1CF64 /* Assets.xcassets */; };
		09F2FEF62C5273AC00D1CF64 /* LaunchScreen.storyboard in Resources */ = {isa = PBXBuildFile; fileRef = 09F2FEF42C5273AC00D1CF64 /* LaunchScreen.storyboard */; };
/* End PBXBuildFile section */

/* Begin PBXFileReference section */
		0914D2ED2C52793000515503 /* RMLocation.swift */ = {isa = PBXFileReference; lastKnownFileType = sourcecode.swift; path = RMLocation.swift; sourceTree = "<group>"; };
		0914D2EF2C52793E00515503 /* RMCharacter.swift */ = {isa = PBXFileReference; lastKnownFileType = sourcecode.swift; path = RMCharacter.swift; sourceTree = "<group>"; };
		0914D2F12C52796A00515503 /* RMEpisode.swift */ = {isa = PBXFileReference; lastKnownFileType = sourcecode.swift; path = RMEpisode.swift; sourceTree = "<group>"; };
		0914D2F42C527A9100515503 /* RMCharacterVC.swift */ = {isa = PBXFileReference; lastKnownFileType = sourcecode.swift; path = RMCharacterVC.swift; sourceTree = "<group>"; };
		0914D2F62C527AAF00515503 /* RMLocationVC.swift */ = {isa = PBXFileReference; lastKnownFileType = sourcecode.swift; path = RMLocationVC.swift; sourceTree = "<group>"; };
		0914D2F82C527ABD00515503 /* RMEpisodeVC.swift */ = {isa = PBXFileReference; lastKnownFileType = sourcecode.swift; path = RMEpisodeVC.swift; sourceTree = "<group>"; };
		0914D2FA2C527B8600515503 /* RMSettingsVC.swift */ = {isa = PBXFileReference; lastKnownFileType = sourcecode.swift; path = RMSettingsVC.swift; sourceTree = "<group>"; };
		0920FA3E2CA97233004CC3D1 /* GetAllCharactersResponse.swift */ = {isa = PBXFileReference; lastKnownFileType = sourcecode.swift; path = GetAllCharactersResponse.swift; sourceTree = "<group>"; };
		092167992C5504FC000D38CE /* RMService.swift */ = {isa = PBXFileReference; lastKnownFileType = sourcecode.swift; path = RMService.swift; sourceTree = "<group>"; };
		0921679B2C550516000D38CE /* RMRequest.swift */ = {isa = PBXFileReference; lastKnownFileType = sourcecode.swift; path = RMRequest.swift; sourceTree = "<group>"; };
		0921679D2C550658000D38CE /* RMEndPoint.swift */ = {isa = PBXFileReference; lastKnownFileType = sourcecode.swift; path = RMEndPoint.swift; sourceTree = "<group>"; };
		0921679F2C551ABE000D38CE /* RMOrigin.swift */ = {isa = PBXFileReference; lastKnownFileType = sourcecode.swift; path = RMOrigin.swift; sourceTree = "<group>"; };
		092167A12C551B6F000D38CE /* RMSingleLocation.swift */ = {isa = PBXFileReference; lastKnownFileType = sourcecode.swift; path = RMSingleLocation.swift; sourceTree = "<group>"; };
		092167A32C552017000D38CE /* RMCharacterStatus.swift */ = {isa = PBXFileReference; lastKnownFileType = sourcecode.swift; path = RMCharacterStatus.swift; sourceTree = "<group>"; };
		092167A52C55206D000D38CE /* RMCharacterGender.swift */ = {isa = PBXFileReference; lastKnownFileType = sourcecode.swift; path = RMCharacterGender.swift; sourceTree = "<group>"; };
		09F2FEE62C5273AB00D1CF64 /* RickAndMorty.app */ = {isa = PBXFileReference; explicitFileType = wrapper.application; includeInIndex = 0; path = RickAndMorty.app; sourceTree = BUILT_PRODUCTS_DIR; };
		09F2FEE92C5273AB00D1CF64 /* AppDelegate.swift */ = {isa = PBXFileReference; lastKnownFileType = sourcecode.swift; path = AppDelegate.swift; sourceTree = "<group>"; };
		09F2FEEB2C5273AB00D1CF64 /* SceneDelegate.swift */ = {isa = PBXFileReference; lastKnownFileType = sourcecode.swift; path = SceneDelegate.swift; sourceTree = "<group>"; };
		09F2FEED2C5273AB00D1CF64 /* RMTabViewController.swift */ = {isa = PBXFileReference; lastKnownFileType = sourcecode.swift; path = RMTabViewController.swift; sourceTree = "<group>"; };
		09F2FEF22C5273AC00D1CF64 /* Assets.xcassets */ = {isa = PBXFileReference; lastKnownFileType = folder.assetcatalog; path = Assets.xcassets; sourceTree = "<group>"; };
		09F2FEF52C5273AC00D1CF64 /* Base */ = {isa = PBXFileReference; lastKnownFileType = file.storyboard; name = Base; path = Base.lproj/LaunchScreen.storyboard; sourceTree = "<group>"; };
		09F2FEF72C5273AC00D1CF64 /* Info.plist */ = {isa = PBXFileReference; lastKnownFileType = text.plist.xml; path = Info.plist; sourceTree = "<group>"; };
/* End PBXFileReference section */

/* Begin PBXFrameworksBuildPhase section */
		09F2FEE32C5273AB00D1CF64 /* Frameworks */ = {
			isa = PBXFrameworksBuildPhase;
			buildActionMask = 2147483647;
			files = (
			);
			runOnlyForDeploymentPostprocessing = 0;
		};
/* End PBXFrameworksBuildPhase section */

/* Begin PBXGroup section */
		0914D2E52C5276E400515503 /* Controllers */ = {
			isa = PBXGroup;
			children = (
				0914D2F32C527A5800515503 /* Core */,
			);
			path = Controllers;
			sourceTree = "<group>";
		};
		0914D2E62C5276EE00515503 /* Models */ = {
			isa = PBXGroup;
			children = (
				0920FA392CA971D2004CC3D1 /* APIResponseTypes */,
				0920FA382CA97156004CC3D1 /* DataTypes */,
			);
			path = Models;
			sourceTree = "<group>";
		};
		0914D2E72C5276F800515503 /* ViewModels */ = {
			isa = PBXGroup;
			children = (
			);
			path = ViewModels;
			sourceTree = "<group>";
		};
		0914D2E82C52770C00515503 /* Managers */ = {
			isa = PBXGroup;
			children = (
			);
			path = Managers;
			sourceTree = "<group>";
		};
		0914D2EB2C52774300515503 /* APIClient */ = {
			isa = PBXGroup;
			children = (
				092167992C5504FC000D38CE /* RMService.swift */,
				0921679B2C550516000D38CE /* RMRequest.swift */,
				0921679D2C550658000D38CE /* RMEndPoint.swift */,
			);
			path = APIClient;
			sourceTree = "<group>";
		};
		0914D2EC2C52777B00515503 /* Resources */ = {
			isa = PBXGroup;
			children = (
				09F2FEF22C5273AC00D1CF64 /* Assets.xcassets */,
				09F2FEE92C5273AB00D1CF64 /* AppDelegate.swift */,
				09F2FEF42C5273AC00D1CF64 /* LaunchScreen.storyboard */,
				09F2FEEB2C5273AB00D1CF64 /* SceneDelegate.swift */,
			);
			path = Resources;
			sourceTree = "<group>";
		};
		0914D2F32C527A5800515503 /* Core */ = {
			isa = PBXGroup;
			children = (
				09F2FEED2C5273AB00D1CF64 /* RMTabViewController.swift */,
				0914D2F42C527A9100515503 /* RMCharacterVC.swift */,
				0914D2F62C527AAF00515503 /* RMLocationVC.swift */,
				0914D2F82C527ABD00515503 /* RMEpisodeVC.swift */,
				0914D2FA2C527B8600515503 /* RMSettingsVC.swift */,
			);
			path = Core;
			sourceTree = "<group>";
		};
		0920FA382CA97156004CC3D1 /* DataTypes */ = {
			isa = PBXGroup;
			children = (
				0914D2EF2C52793E00515503 /* RMCharacter.swift */,
				0914D2F12C52796A00515503 /* RMEpisode.swift */,
				0914D2ED2C52793000515503 /* RMLocation.swift */,
				0921679F2C551ABE000D38CE /* RMOrigin.swift */,
				092167A12C551B6F000D38CE /* RMSingleLocation.swift */,
				092167A32C552017000D38CE /* RMCharacterStatus.swift */,
				092167A52C55206D000D38CE /* RMCharacterGender.swift */,
			);
			name = DataTypes;
			sourceTree = "<group>";
		};
		0920FA392CA971D2004CC3D1 /* APIResponseTypes */ = {
			isa = PBXGroup;
			children = (
				0920FA3E2CA97233004CC3D1 /* GetAllCharactersResponse.swift */,
			);
			name = APIResponseTypes;
			sourceTree = "<group>";
		};
		09F2FEDD2C5273AB00D1CF64 = {
			isa = PBXGroup;
			children = (
				09F2FEE82C5273AB00D1CF64 /* RickAndMorty */,
				09F2FEE72C5273AB00D1CF64 /* Products */,
			);
			sourceTree = "<group>";
		};
		09F2FEE72C5273AB00D1CF64 /* Products */ = {
			isa = PBXGroup;
			children = (
				09F2FEE62C5273AB00D1CF64 /* RickAndMorty.app */,
			);
			name = Products;
			sourceTree = "<group>";
		};
		09F2FEE82C5273AB00D1CF64 /* RickAndMorty */ = {
			isa = PBXGroup;
			children = (
				0914D2EC2C52777B00515503 /* Resources */,
				0914D2EB2C52774300515503 /* APIClient */,
				0914D2E82C52770C00515503 /* Managers */,
				0914D2E72C5276F800515503 /* ViewModels */,
				0914D2E62C5276EE00515503 /* Models */,
				0914D2E52C5276E400515503 /* Controllers */,
				09F2FEF72C5273AC00D1CF64 /* Info.plist */,
			);
			path = RickAndMorty;
			sourceTree = "<group>";
		};
/* End PBXGroup section */

/* Begin PBXNativeTarget section */
		09F2FEE52C5273AB00D1CF64 /* RickAndMorty */ = {
			isa = PBXNativeTarget;
			buildConfigurationList = 09F2FEFA2C5273AC00D1CF64 /* Build configuration list for PBXNativeTarget "RickAndMorty" */;
			buildPhases = (
				09F2FEE22C5273AB00D1CF64 /* Sources */,
				09F2FEE32C5273AB00D1CF64 /* Frameworks */,
				09F2FEE42C5273AB00D1CF64 /* Resources */,
			);
			buildRules = (
			);
			dependencies = (
			);
			name = RickAndMorty;
			productName = RickAndMorty;
			productReference = 09F2FEE62C5273AB00D1CF64 /* RickAndMorty.app */;
			productType = "com.apple.product-type.application";
		};
/* End PBXNativeTarget section */

/* Begin PBXProject section */
		09F2FEDE2C5273AB00D1CF64 /* Project object */ = {
			isa = PBXProject;
			attributes = {
				BuildIndependentTargetsInParallel = 1;
				LastSwiftUpdateCheck = 1500;
				LastUpgradeCheck = 1500;
				TargetAttributes = {
					09F2FEE52C5273AB00D1CF64 = {
						CreatedOnToolsVersion = 15.0;
					};
				};
			};
			buildConfigurationList = 09F2FEE12C5273AB00D1CF64 /* Build configuration list for PBXProject "RickAndMorty" */;
			compatibilityVersion = "Xcode 14.0";
			developmentRegion = en;
			hasScannedForEncodings = 0;
			knownRegions = (
				en,
				Base,
			);
			mainGroup = 09F2FEDD2C5273AB00D1CF64;
			productRefGroup = 09F2FEE72C5273AB00D1CF64 /* Products */;
			projectDirPath = "";
			projectRoot = "";
			targets = (
				09F2FEE52C5273AB00D1CF64 /* RickAndMorty */,
			);
		};
/* End PBXProject section */

/* Begin PBXResourcesBuildPhase section */
		09F2FEE42C5273AB00D1CF64 /* Resources */ = {
			isa = PBXResourcesBuildPhase;
			buildActionMask = 2147483647;
			files = (
				09F2FEF62C5273AC00D1CF64 /* LaunchScreen.storyboard in Resources */,
				09F2FEF32C5273AC00D1CF64 /* Assets.xcassets in Resources */,
			);
			runOnlyForDeploymentPostprocessing = 0;
		};
/* End PBXResourcesBuildPhase section */

/* Begin PBXSourcesBuildPhase section */
		09F2FEE22C5273AB00D1CF64 /* Sources */ = {
			isa = PBXSourcesBuildPhase;
			buildActionMask = 2147483647;
			files = (
				092167A02C551ABE000D38CE /* RMOrigin.swift in Sources */,
				092167A22C551B6F000D38CE /* RMSingleLocation.swift in Sources */,
				092167A42C552017000D38CE /* RMCharacterStatus.swift in Sources */,
				092167A62C55206D000D38CE /* RMCharacterGender.swift in Sources */,
				0914D2F52C527A9100515503 /* RMCharacterVC.swift in Sources */,
				0920FA3F2CA97233004CC3D1 /* GetAllCharactersResponse.swift in Sources */,
				0914D2F22C52796A00515503 /* RMEpisode.swift in Sources */,
				09F2FEEE2C5273AB00D1CF64 /* RMTabViewController.swift in Sources */,
				09F2FEEA2C5273AB00D1CF64 /* AppDelegate.swift in Sources */,
				0914D2FB2C527B8600515503 /* RMSettingsVC.swift in Sources */,
				09F2FEEC2C5273AB00D1CF64 /* SceneDelegate.swift in Sources */,
				0914D2F92C527ABD00515503 /* RMEpisodeVC.swift in Sources */,
				0921679E2C550658000D38CE /* RMEndPoint.swift in Sources */,
				0921679A2C5504FC000D38CE /* RMService.swift in Sources */,
				0914D2EE2C52793000515503 /* RMLocation.swift in Sources */,
				0914D2F72C527AAF00515503 /* RMLocationVC.swift in Sources */,
				0921679C2C550516000D38CE /* RMRequest.swift in Sources */,
				0914D2F02C52793E00515503 /* RMCharacter.swift in Sources */,
			);
			runOnlyForDeploymentPostprocessing = 0;
		};
/* End PBXSourcesBuildPhase section */

/* Begin PBXVariantGroup section */
		09F2FEF42C5273AC00D1CF64 /* LaunchScreen.storyboard */ = {
			isa = PBXVariantGroup;
			children = (
				09F2FEF52C5273AC00D1CF64 /* Base */,
			);
			name = LaunchScreen.storyboard;
			sourceTree = "<group>";
		};
/* End PBXVariantGroup section */

/* Begin XCBuildConfiguration section */
		09F2FEF82C5273AC00D1CF64 /* Debug */ = {
			isa = XCBuildConfiguration;
			buildSettings = {
				ALWAYS_SEARCH_USER_PATHS = NO;
				ASSETCATALOG_COMPILER_GENERATE_SWIFT_ASSET_SYMBOL_EXTENSIONS = YES;
				CLANG_ANALYZER_NONNULL = YES;
				CLANG_ANALYZER_NUMBER_OBJECT_CONVERSION = YES_AGGRESSIVE;
				CLANG_CXX_LANGUAGE_STANDARD = "gnu++20";
				CLANG_ENABLE_MODULES = YES;
				CLANG_ENABLE_OBJC_ARC = YES;
				CLANG_ENABLE_OBJC_WEAK = YES;
				CLANG_WARN_BLOCK_CAPTURE_AUTORELEASING = YES;
				CLANG_WARN_BOOL_CONVERSION = YES;
				CLANG_WARN_COMMA = YES;
				CLANG_WARN_CONSTANT_CONVERSION = YES;
				CLANG_WARN_DEPRECATED_OBJC_IMPLEMENTATIONS = YES;
				CLANG_WARN_DIRECT_OBJC_ISA_USAGE = YES_ERROR;
				CLANG_WARN_DOCUMENTATION_COMMENTS = YES;
				CLANG_WARN_EMPTY_BODY = YES;
				CLANG_WARN_ENUM_CONVERSION = YES;
				CLANG_WARN_INFINITE_RECURSION = YES;
				CLANG_WARN_INT_CONVERSION = YES;
				CLANG_WARN_NON_LITERAL_NULL_CONVERSION = YES;
				CLANG_WARN_OBJC_IMPLICIT_RETAIN_SELF = YES;
				CLANG_WARN_OBJC_LITERAL_CONVERSION = YES;
				CLANG_WARN_OBJC_ROOT_CLASS = YES_ERROR;
				CLANG_WARN_QUOTED_INCLUDE_IN_FRAMEWORK_HEADER = YES;
				CLANG_WARN_RANGE_LOOP_ANALYSIS = YES;
				CLANG_WARN_STRICT_PROTOTYPES = YES;
				CLANG_WARN_SUSPICIOUS_MOVE = YES;
				CLANG_WARN_UNGUARDED_AVAILABILITY = YES_AGGRESSIVE;
				CLANG_WARN_UNREACHABLE_CODE = YES;
				CLANG_WARN__DUPLICATE_METHOD_MATCH = YES;
				COPY_PHASE_STRIP = NO;
				DEBUG_INFORMATION_FORMAT = dwarf;
				ENABLE_STRICT_OBJC_MSGSEND = YES;
				ENABLE_TESTABILITY = YES;
				ENABLE_USER_SCRIPT_SANDBOXING = YES;
				GCC_C_LANGUAGE_STANDARD = gnu17;
				GCC_DYNAMIC_NO_PIC = NO;
				GCC_NO_COMMON_BLOCKS = YES;
				GCC_OPTIMIZATION_LEVEL = 0;
				GCC_PREPROCESSOR_DEFINITIONS = (
					"DEBUG=1",
					"$(inherited)",
				);
				GCC_WARN_64_TO_32_BIT_CONVERSION = YES;
				GCC_WARN_ABOUT_RETURN_TYPE = YES_ERROR;
				GCC_WARN_UNDECLARED_SELECTOR = YES;
				GCC_WARN_UNINITIALIZED_AUTOS = YES_AGGRESSIVE;
				GCC_WARN_UNUSED_FUNCTION = YES;
				GCC_WARN_UNUSED_VARIABLE = YES;
				IPHONEOS_DEPLOYMENT_TARGET = 17.0;
				LOCALIZATION_PREFERS_STRING_CATALOGS = YES;
				MTL_ENABLE_DEBUG_INFO = INCLUDE_SOURCE;
				MTL_FAST_MATH = YES;
				ONLY_ACTIVE_ARCH = YES;
				SDKROOT = iphoneos;
				SWIFT_ACTIVE_COMPILATION_CONDITIONS = "DEBUG $(inherited)";
				SWIFT_OPTIMIZATION_LEVEL = "-Onone";
			};
			name = Debug;
		};
		09F2FEF92C5273AC00D1CF64 /* Release */ = {
			isa = XCBuildConfiguration;
			buildSettings = {
				ALWAYS_SEARCH_USER_PATHS = NO;
				ASSETCATALOG_COMPILER_GENERATE_SWIFT_ASSET_SYMBOL_EXTENSIONS = YES;
				CLANG_ANALYZER_NONNULL = YES;
				CLANG_ANALYZER_NUMBER_OBJECT_CONVERSION = YES_AGGRESSIVE;
				CLANG_CXX_LANGUAGE_STANDARD = "gnu++20";
				CLANG_ENABLE_MODULES = YES;
				CLANG_ENABLE_OBJC_ARC = YES;
				CLANG_ENABLE_OBJC_WEAK = YES;
				CLANG_WARN_BLOCK_CAPTURE_AUTORELEASING = YES;
				CLANG_WARN_BOOL_CONVERSION = YES;
				CLANG_WARN_COMMA = YES;
				CLANG_WARN_CONSTANT_CONVERSION = YES;
				CLANG_WARN_DEPRECATED_OBJC_IMPLEMENTATIONS = YES;
				CLANG_WARN_DIRECT_OBJC_ISA_USAGE = YES_ERROR;
				CLANG_WARN_DOCUMENTATION_COMMENTS = YES;
				CLANG_WARN_EMPTY_BODY = YES;
				CLANG_WARN_ENUM_CONVERSION = YES;
				CLANG_WARN_INFINITE_RECURSION = YES;
				CLANG_WARN_INT_CONVERSION = YES;
				CLANG_WARN_NON_LITERAL_NULL_CONVERSION = YES;
				CLANG_WARN_OBJC_IMPLICIT_RETAIN_SELF = YES;
				CLANG_WARN_OBJC_LITERAL_CONVERSION = YES;
				CLANG_WARN_OBJC_ROOT_CLASS = YES_ERROR;
				CLANG_WARN_QUOTED_INCLUDE_IN_FRAMEWORK_HEADER = YES;
				CLANG_WARN_RANGE_LOOP_ANALYSIS = YES;
				CLANG_WARN_STRICT_PROTOTYPES = YES;
				CLANG_WARN_SUSPICIOUS_MOVE = YES;
				CLANG_WARN_UNGUARDED_AVAILABILITY = YES_AGGRESSIVE;
				CLANG_WARN_UNREACHABLE_CODE = YES;
				CLANG_WARN__DUPLICATE_METHOD_MATCH = YES;
				COPY_PHASE_STRIP = NO;
				DEBUG_INFORMATION_FORMAT = "dwarf-with-dsym";
				ENABLE_NS_ASSERTIONS = NO;
				ENABLE_STRICT_OBJC_MSGSEND = YES;
				ENABLE_USER_SCRIPT_SANDBOXING = YES;
				GCC_C_LANGUAGE_STANDARD = gnu17;
				GCC_NO_COMMON_BLOCKS = YES;
				GCC_WARN_64_TO_32_BIT_CONVERSION = YES;
				GCC_WARN_ABOUT_RETURN_TYPE = YES_ERROR;
				GCC_WARN_UNDECLARED_SELECTOR = YES;
				GCC_WARN_UNINITIALIZED_AUTOS = YES_AGGRESSIVE;
				GCC_WARN_UNUSED_FUNCTION = YES;
				GCC_WARN_UNUSED_VARIABLE = YES;
				IPHONEOS_DEPLOYMENT_TARGET = 17.0;
				LOCALIZATION_PREFERS_STRING_CATALOGS = YES;
				MTL_ENABLE_DEBUG_INFO = NO;
				MTL_FAST_MATH = YES;
				SDKROOT = iphoneos;
				SWIFT_COMPILATION_MODE = wholemodule;
				VALIDATE_PRODUCT = YES;
			};
			name = Release;
		};
		09F2FEFB2C5273AC00D1CF64 /* Debug */ = {
			isa = XCBuildConfiguration;
			buildSettings = {
				ASSETCATALOG_COMPILER_APPICON_NAME = AppIcon;
				ASSETCATALOG_COMPILER_GLOBAL_ACCENT_COLOR_NAME = AccentColor;
				CODE_SIGN_STYLE = Automatic;
				CURRENT_PROJECT_VERSION = 1;
				GENERATE_INFOPLIST_FILE = YES;
				INFOPLIST_FILE = RickAndMorty/Info.plist;
				INFOPLIST_KEY_UIApplicationSupportsIndirectInputEvents = YES;
				INFOPLIST_KEY_UILaunchStoryboardName = LaunchScreen;
				INFOPLIST_KEY_UISupportedInterfaceOrientations_iPad = "UIInterfaceOrientationPortrait UIInterfaceOrientationPortraitUpsideDown UIInterfaceOrientationLandscapeLeft UIInterfaceOrientationLandscapeRight";
				INFOPLIST_KEY_UISupportedInterfaceOrientations_iPhone = "UIInterfaceOrientationPortrait UIInterfaceOrientationLandscapeLeft UIInterfaceOrientationLandscapeRight";
				LD_RUNPATH_SEARCH_PATHS = (
					"$(inherited)",
					"@executable_path/Frameworks",
				);
				MARKETING_VERSION = 1.0;
				PRODUCT_BUNDLE_IDENTIFIER = Anku.RickAndMorty;
				PRODUCT_NAME = "$(TARGET_NAME)";
				SWIFT_EMIT_LOC_STRINGS = YES;
				SWIFT_VERSION = 5.0;
				TARGETED_DEVICE_FAMILY = "1,2";
			};
			name = Debug;
		};
		09F2FEFC2C5273AC00D1CF64 /* Release */ = {
			isa = XCBuildConfiguration;
			buildSettings = {
				ASSETCATALOG_COMPILER_APPICON_NAME = AppIcon;
				ASSETCATALOG_COMPILER_GLOBAL_ACCENT_COLOR_NAME = AccentColor;
				CODE_SIGN_STYLE = Automatic;
				CURRENT_PROJECT_VERSION = 1;
				GENERATE_INFOPLIST_FILE = YES;
				INFOPLIST_FILE = RickAndMorty/Info.plist;
				INFOPLIST_KEY_UIApplicationSupportsIndirectInputEvents = YES;
				INFOPLIST_KEY_UILaunchStoryboardName = LaunchScreen;
				INFOPLIST_KEY_UISupportedInterfaceOrientations_iPad = "UIInterfaceOrientationPortrait UIInterfaceOrientationPortraitUpsideDown UIInterfaceOrientationLandscapeLeft UIInterfaceOrientationLandscapeRight";
				INFOPLIST_KEY_UISupportedInterfaceOrientations_iPhone = "UIInterfaceOrientationPortrait UIInterfaceOrientationLandscapeLeft UIInterfaceOrientationLandscapeRight";
				LD_RUNPATH_SEARCH_PATHS = (
					"$(inherited)",
					"@executable_path/Frameworks",
				);
				MARKETING_VERSION = 1.0;
				PRODUCT_BUNDLE_IDENTIFIER = Anku.RickAndMorty;
				PRODUCT_NAME = "$(TARGET_NAME)";
				SWIFT_EMIT_LOC_STRINGS = YES;
				SWIFT_VERSION = 5.0;
				TARGETED_DEVICE_FAMILY = "1,2";
			};
			name = Release;
		};
/* End XCBuildConfiguration section */

/* Begin XCConfigurationList section */
		09F2FEE12C5273AB00D1CF64 /* Build configuration list for PBXProject "RickAndMorty" */ = {
			isa = XCConfigurationList;
			buildConfigurations = (
				09F2FEF82C5273AC00D1CF64 /* Debug */,
				09F2FEF92C5273AC00D1CF64 /* Release */,
			);
			defaultConfigurationIsVisible = 0;
			defaultConfigurationName = Release;
		};
		09F2FEFA2C5273AC00D1CF64 /* Build configuration list for PBXNativeTarget "RickAndMorty" */ = {
			isa = XCConfigurationList;
			buildConfigurations = (
				09F2FEFB2C5273AC00D1CF64 /* Debug */,
				09F2FEFC2C5273AC00D1CF64 /* Release */,
			);
			defaultConfigurationIsVisible = 0;
			defaultConfigurationName = Release;
		};
/* End XCConfigurationList section */
	};
	rootObject = 09F2FEDE2C5273AB00D1CF64 /* Project object */;
}
